
Microsoft Visual Studio Solution File, Format Version 12.00
# Visual Studio Version 16
VisualStudioVersion = 16.0.31410.357
MinimumVisualStudioVersion = 10.0.40219.1
Project("{FAE04EC0-301F-11D3-BF4B-00C04F79EFBC}") = "LeetCodes1", "LeetCodes1.csproj", "{422DF7AB-B7DB-4AC8-B75C-AFFE3B47E98C}"
EndProject
Project("{FAE04EC0-301F-11D3-BF4B-00C04F79EFBC}") = "LeetCodes1Tests", "..\LeetCodes1Tests\LeetCodes1Tests.csproj", "{F1E2A4DB-FFCA-4495-81C6-897F813AA6F3}"
EndProject
Global
	GlobalSection(SolutionConfigurationPlatforms) = preSolution
		Debug|Any CPU = Debug|Any CPU
		Release|Any CPU = Release|Any CPU
	EndGlobalSection
	GlobalSection(ProjectConfigurationPlatforms) = postSolution
		{422DF7AB-B7DB-4AC8-B75C-AFFE3B47E98C}.Debug|Any CPU.ActiveCfg = Debug|Any CPU
		{422DF7AB-B7DB-4AC8-B75C-AFFE3B47E98C}.Debug|Any CPU.Build.0 = Debug|Any CPU
		{422DF7AB-B7DB-4AC8-B75C-AFFE3B47E98C}.Release|Any CPU.ActiveCfg = Release|Any CPU
		{422DF7AB-B7DB-4AC8-B75C-AFFE3B47E98C}.Release|Any CPU.Build.0 = Release|Any CPU
		{F1E2A4DB-FFCA-4495-81C6-897F813AA6F3}.Debug|Any CPU.ActiveCfg = Debug|Any CPU
		{F1E2A4DB-FFCA-4495-81C6-897F813AA6F3}.Debug|Any CPU.Build.0 = Debug|Any CPU
		{F1E2A4DB-FFCA-4495-81C6-897F813AA6F3}.Release|Any CPU.ActiveCfg = Release|Any CPU
		{F1E2A4DB-FFCA-4495-81C6-897F813AA6F3}.Release|Any CPU.Build.0 = Release|Any CPU
	EndGlobalSection
	GlobalSection(SolutionProperties) = preSolution
		HideSolutionNode = FALSE
	EndGlobalSection
	GlobalSection(ExtensibilityGlobals) = postSolution
		SolutionGuid = {893B9AB3-451A-4A87-9C1F-FABC68F2A8DD}
	EndGlobalSection
EndGlobal
